
Microsoft Visual Studio Solution File, Format Version 12.00
# Visual Studio 14
VisualStudioVersion = 14.0.25420.1
MinimumVisualStudioVersion = 10.0.40219.1
Project("{FAE04EC0-301F-11D3-BF4B-00C04F79EFBC}") = "WPFDemo", "WPFDemo\WPFDemo.csproj", "{388A3A4A-6EE9-46CC-A74D-53B719840C50}"
EndProject
Project("{FAE04EC0-301F-11D3-BF4B-00C04F79EFBC}") = "demo1", "demo1\demo1.csproj", "{4B45666D-B6F4-4123-94F7-16CF31EAC8F8}"
EndProject
Project("{FAE04EC0-301F-11D3-BF4B-00C04F79EFBC}") = "login", "login\login.csproj", "{C392525C-F04C-4A87-92F6-FBA033564979}"
EndProject
Project("{FAE04EC0-301F-11D3-BF4B-00C04F79EFBC}") = "demo2", "demo2\demo2.csproj", "{26450DD3-B7B1-49C0-8943-B7C5FB23B059}"
EndProject
Project("{FAE04EC0-301F-11D3-BF4B-00C04F79EFBC}") = "Demo3", "Demo3\Demo3.csproj", "{2B6408A0-E049-4120-A7E3-7F863E106FA1}"
EndProject
Project("{FAE04EC0-301F-11D3-BF4B-00C04F79EFBC}") = "Triggers", "Triggers\Triggers.csproj", "{306F49BC-5195-4E93-B3D7-E2B585ACC62C}"
EndProject
Project("{FAE04EC0-301F-11D3-BF4B-00C04F79EFBC}") = "Layouts", "Layouts\Layouts.csproj", "{6D3DF853-7D69-4388-90DE-04A40D176642}"
EndProject
Project("{FAE04EC0-301F-11D3-BF4B-00C04F79EFBC}") = "DependencyPropertyInWPF", "DependencyPropertyInWPF\DependencyPropertyInWPF.csproj", "{9B8E37F2-EB61-42B8-AFE5-48F10E629F29}"
EndProject
Project("{FAE04EC0-301F-11D3-BF4B-00C04F79EFBC}") = "Timer", "Timer\Timer.csproj", "{892131A4-594B-432D-808E-F8AA8CE25E5F}"
EndProject
Project("{FAE04EC0-301F-11D3-BF4B-00C04F79EFBC}") = "Slider", "Slider\Slider.csproj", "{6D9BDFAB-893B-4288-8F41-20CD900DDFD6}"
EndProject
Project("{FAE04EC0-301F-11D3-BF4B-00C04F79EFBC}") = "ControlTemplates", "ControlTemplates\ControlTemplates.csproj", "{6D7C679C-E3F7-4513-87EF-45217DCFCEC4}"
EndProject
Project("{FAE04EC0-301F-11D3-BF4B-00C04F79EFBC}") = "DataTemplate", "DataTemplate\DataTemplate.csproj", "{DD870A92-6203-4194-B349-D749D293A01D}"
EndProject
Project("{FAE04EC0-301F-11D3-BF4B-00C04F79EFBC}") = "RoutedEvent", "RoutedEvent\RoutedEvent.csproj", "{410B6C9E-6FFD-4A91-856C-5BA6BB2AA892}"
EndProject
Project("{FAE04EC0-301F-11D3-BF4B-00C04F79EFBC}") = "INotifyPropertyChangedInterface", "INotifyPropertyChangedInterface\INotifyPropertyChangedInterface.csproj", "{563163E8-2629-4157-9C15-DBDF5BDBA1D4}"
EndProject
Project("{FAE04EC0-301F-11D3-BF4B-00C04F79EFBC}") = "visible", "visible\visible.csproj", "{7486B339-DCC6-4DEB-BBCD-C47BEB76E04F}"
EndProject
Global
	GlobalSection(SolutionConfigurationPlatforms) = preSolution
		Debug|Any CPU = Debug|Any CPU
		Release|Any CPU = Release|Any CPU
	EndGlobalSection
	GlobalSection(ProjectConfigurationPlatforms) = postSolution
		{388A3A4A-6EE9-46CC-A74D-53B719840C50}.Debug|Any CPU.ActiveCfg = Debug|Any CPU
		{388A3A4A-6EE9-46CC-A74D-53B719840C50}.Debug|Any CPU.Build.0 = Debug|Any CPU
		{388A3A4A-6EE9-46CC-A74D-53B719840C50}.Release|Any CPU.ActiveCfg = Release|Any CPU
		{388A3A4A-6EE9-46CC-A74D-53B719840C50}.Release|Any CPU.Build.0 = Release|Any CPU
		{4B45666D-B6F4-4123-94F7-16CF31EAC8F8}.Debug|Any CPU.ActiveCfg = Debug|Any CPU
		{4B45666D-B6F4-4123-94F7-16CF31EAC8F8}.Debug|Any CPU.Build.0 = Debug|Any CPU
		{4B45666D-B6F4-4123-94F7-16CF31EAC8F8}.Release|Any CPU.ActiveCfg = Release|Any CPU
		{4B45666D-B6F4-4123-94F7-16CF31EAC8F8}.Release|Any CPU.Build.0 = Release|Any CPU
		{C392525C-F04C-4A87-92F6-FBA033564979}.Debug|Any CPU.ActiveCfg = Debug|Any CPU
		{C392525C-F04C-4A87-92F6-FBA033564979}.Debug|Any CPU.Build.0 = Debug|Any CPU
		{C392525C-F04C-4A87-92F6-FBA033564979}.Release|Any CPU.ActiveCfg = Release|Any CPU
		{C392525C-F04C-4A87-92F6-FBA033564979}.Release|Any CPU.Build.0 = Release|Any CPU
		{26450DD3-B7B1-49C0-8943-B7C5FB23B059}.Debug|Any CPU.ActiveCfg = Debug|Any CPU
		{26450DD3-B7B1-49C0-8943-B7C5FB23B059}.Debug|Any CPU.Build.0 = Debug|Any CPU
		{26450DD3-B7B1-49C0-8943-B7C5FB23B059}.Release|Any CPU.ActiveCfg = Release|Any CPU
		{26450DD3-B7B1-49C0-8943-B7C5FB23B059}.Release|Any CPU.Build.0 = Release|Any CPU
		{2B6408A0-E049-4120-A7E3-7F863E106FA1}.Debug|Any CPU.ActiveCfg = Debug|Any CPU
		{2B6408A0-E049-4120-A7E3-7F863E106FA1}.Debug|Any CPU.Build.0 = Debug|Any CPU
		{2B6408A0-E049-4120-A7E3-7F863E106FA1}.Release|Any CPU.ActiveCfg = Release|Any CPU
		{2B6408A0-E049-4120-A7E3-7F863E106FA1}.Release|Any CPU.Build.0 = Release|Any CPU
		{306F49BC-5195-4E93-B3D7-E2B585ACC62C}.Debug|Any CPU.ActiveCfg = Debug|Any CPU
		{306F49BC-5195-4E93-B3D7-E2B585ACC62C}.Debug|Any CPU.Build.0 = Debug|Any CPU
		{306F49BC-5195-4E93-B3D7-E2B585ACC62C}.Release|Any CPU.ActiveCfg = Release|Any CPU
		{306F49BC-5195-4E93-B3D7-E2B585ACC62C}.Release|Any CPU.Build.0 = Release|Any CPU
		{6D3DF853-7D69-4388-90DE-04A40D176642}.Debug|Any CPU.ActiveCfg = Debug|Any CPU
		{6D3DF853-7D69-4388-90DE-04A40D176642}.Debug|Any CPU.Build.0 = Debug|Any CPU
		{6D3DF853-7D69-4388-90DE-04A40D176642}.Release|Any CPU.ActiveCfg = Release|Any CPU
		{6D3DF853-7D69-4388-90DE-04A40D176642}.Release|Any CPU.Build.0 = Release|Any CPU
		{9B8E37F2-EB61-42B8-AFE5-48F10E629F29}.Debug|Any CPU.ActiveCfg = Debug|Any CPU
		{9B8E37F2-EB61-42B8-AFE5-48F10E629F29}.Debug|Any CPU.Build.0 = Debug|Any CPU
		{9B8E37F2-EB61-42B8-AFE5-48F10E629F29}.Release|Any CPU.ActiveCfg = Release|Any CPU
		{9B8E37F2-EB61-42B8-AFE5-48F10E629F29}.Release|Any CPU.Build.0 = Release|Any CPU
		{892131A4-594B-432D-808E-F8AA8CE25E5F}.Debug|Any CPU.ActiveCfg = Debug|Any CPU
		{892131A4-594B-432D-808E-F8AA8CE25E5F}.Debug|Any CPU.Build.0 = Debug|Any CPU
		{892131A4-594B-432D-808E-F8AA8CE25E5F}.Release|Any CPU.ActiveCfg = Release|Any CPU
		{892131A4-594B-432D-808E-F8AA8CE25E5F}.Release|Any CPU.Build.0 = Release|Any CPU
		{6D9BDFAB-893B-4288-8F41-20CD900DDFD6}.Debug|Any CPU.ActiveCfg = Debug|Any CPU
		{6D9BDFAB-893B-4288-8F41-20CD900DDFD6}.Debug|Any CPU.Build.0 = Debug|Any CPU
		{6D9BDFAB-893B-4288-8F41-20CD900DDFD6}.Release|Any CPU.ActiveCfg = Release|Any CPU
		{6D9BDFAB-893B-4288-8F41-20CD900DDFD6}.Release|Any CPU.Build.0 = Release|Any CPU
		{6D7C679C-E3F7-4513-87EF-45217DCFCEC4}.Debug|Any CPU.ActiveCfg = Debug|Any CPU
		{6D7C679C-E3F7-4513-87EF-45217DCFCEC4}.Debug|Any CPU.Build.0 = Debug|Any CPU
		{6D7C679C-E3F7-4513-87EF-45217DCFCEC4}.Release|Any CPU.ActiveCfg = Release|Any CPU
		{6D7C679C-E3F7-4513-87EF-45217DCFCEC4}.Release|Any CPU.Build.0 = Release|Any CPU
		{DD870A92-6203-4194-B349-D749D293A01D}.Debug|Any CPU.ActiveCfg = Debug|Any CPU
		{DD870A92-6203-4194-B349-D749D293A01D}.Debug|Any CPU.Build.0 = Debug|Any CPU
		{DD870A92-6203-4194-B349-D749D293A01D}.Release|Any CPU.ActiveCfg = Release|Any CPU
		{DD870A92-6203-4194-B349-D749D293A01D}.Release|Any CPU.Build.0 = Release|Any CPU
		{410B6C9E-6FFD-4A91-856C-5BA6BB2AA892}.Debug|Any CPU.ActiveCfg = Debug|Any CPU
		{410B6C9E-6FFD-4A91-856C-5BA6BB2AA892}.Debug|Any CPU.Build.0 = Debug|Any CPU
		{410B6C9E-6FFD-4A91-856C-5BA6BB2AA892}.Release|Any CPU.ActiveCfg = Release|Any CPU
		{410B6C9E-6FFD-4A91-856C-5BA6BB2AA892}.Release|Any CPU.Build.0 = Release|Any CPU
		{563163E8-2629-4157-9C15-DBDF5BDBA1D4}.Debug|Any CPU.ActiveCfg = Debug|Any CPU
		{563163E8-2629-4157-9C15-DBDF5BDBA1D4}.Debug|Any CPU.Build.0 = Debug|Any CPU
		{563163E8-2629-4157-9C15-DBDF5BDBA1D4}.Release|Any CPU.ActiveCfg = Release|Any CPU
		{563163E8-2629-4157-9C15-DBDF5BDBA1D4}.Release|Any CPU.Build.0 = Release|Any CPU
		{7486B339-DCC6-4DEB-BBCD-C47BEB76E04F}.Debug|Any CPU.ActiveCfg = Debug|Any CPU
		{7486B339-DCC6-4DEB-BBCD-C47BEB76E04F}.Debug|Any CPU.Build.0 = Debug|Any CPU
		{7486B339-DCC6-4DEB-BBCD-C47BEB76E04F}.Release|Any CPU.ActiveCfg = Release|Any CPU
		{7486B339-DCC6-4DEB-BBCD-C47BEB76E04F}.Release|Any CPU.Build.0 = Release|Any CPU
	EndGlobalSection
	GlobalSection(SolutionProperties) = preSolution
		HideSolutionNode = FALSE
	EndGlobalSection
EndGlobal
